
Microsoft Visual Studio Solution File, Format Version 11.00
# Visual Studio 2010
Project("{FAE04EC0-301F-11D3-BF4B-00C04F79EFBC}") = "TuneIt", "TuneIt\TuneIt.csproj", "{0ED021C9-F296-4685-A098-9781CC517B42}"
EndProject
Global
	GlobalSection(SolutionConfigurationPlatforms) = preSolution
		Debug|x86 = Debug|x86
		Release|x86 = Release|x86
	EndGlobalSection
	GlobalSection(ProjectConfigurationPlatforms) = postSolution
		{0ED021C9-F296-4685-A098-9781CC517B42}.Debug|x86.ActiveCfg = Debug|x86
		{0ED021C9-F296-4685-A098-9781CC517B42}.Debug|x86.Build.0 = Debug|x86
		{0ED021C9-F296-4685-A098-9781CC517B42}.Release|x86.ActiveCfg = Release|x86
		{0ED021C9-F296-4685-A098-9781CC517B42}.Release|x86.Build.0 = Release|x86
	EndGlobalSection
	GlobalSection(SolutionProperties) = preSolution
		HideSolutionNode = FALSE
	EndGlobalSection
EndGlobal
